
Microsoft Visual Studio Solution File, Format Version 12.00
# Visual Studio Version 17
VisualStudioVersion = 17.0.31919.166
MinimumVisualStudioVersion = 10.0.40219.1
Project("{FAE04EC0-301F-11D3-BF4B-00C04F79EFBC}") = "PrimeiroWinForms", "PrimeiroWinForms\PrimeiroWinForms.csproj", "{95D3C849-8040-4608-920B-621266B9F719}"
EndProject
Global
	GlobalSection(SolutionConfigurationPlatforms) = preSolution
		Debug|Any CPU = Debug|Any CPU
		Release|Any CPU = Release|Any CPU
	EndGlobalSection
	GlobalSection(ProjectConfigurationPlatforms) = postSolution
		{95D3C849-8040-4608-920B-621266B9F719}.Debug|Any CPU.ActiveCfg = Debug|Any CPU
		{95D3C849-8040-4608-920B-621266B9F719}.Debug|Any CPU.Build.0 = Debug|Any CPU
		{95D3C849-8040-4608-920B-621266B9F719}.Release|Any CPU.ActiveCfg = Release|Any CPU
		{95D3C849-8040-4608-920B-621266B9F719}.Release|Any CPU.Build.0 = Release|Any CPU
	EndGlobalSection
	GlobalSection(SolutionProperties) = preSolution
		HideSolutionNode = FALSE
	EndGlobalSection
	GlobalSection(ExtensibilityGlobals) = postSolution
		SolutionGuid = {B8F1305F-15A5-4895-B1C9-5147B68FBC0F}
	EndGlobalSection
EndGlobal
